{
  "name": "boostrap",
  "version": "1.0.0",
  "lockfileVersion": 1,
  "requires": true,
  "dependencies": {
    "bootstrap": {
      "version": "4.1.3",
      "resolved": "https://registry.npmjs.org/bootstrap/-/bootstrap-4.1.3.tgz",
      "integrity": "sha512-rDFIzgXcof0jDyjNosjv4Sno77X4KuPeFxG2XZZv1/Kc8DRVGVADdoQyyOVDwPqL36DDmtCQbrpMCqvpPLJQ0w==",
      "dev": true
    },
    "escape-html": {
      "version": "1.0.3",
      "resolved": "https://registry.npmjs.org/escape-html/-/escape-html-1.0.3.tgz",
      "integrity": "sha1-Aljq5NPQwJdN4cFpGI7wBR0dGYg="
    },
    "holderjs": {
      "version": "2.9.6",
      "resolved": "https://registry.npmjs.org/holderjs/-/holderjs-2.9.6.tgz",
      "integrity": "sha512-Onb0GLcFDH6VT40dtBC5Zdjm+8R1xr2V3R9HSByBn1s5kFhX6XowWFFW/ACEYWR9KcyHjE92ebx67De/UwJ7+A==",
      "requires": {
        "shaven": "^0.8.1"
      }
    },
    "jquery": {
      "version": "3.2.1",
      "resolved": "https://registry.npmjs.org/jquery/-/jquery-3.2.1.tgz",
      "integrity": "sha1-XE2d5lKvbNCncBVKYxu6ErAVx4c="
    },
    "popper.js": {
      "version": "1.12.9",
      "resolved": "https://registry.npmjs.org/popper.js/-/popper.js-1.12.9.tgz",
      "integrity": "sha1-DfvC3/lsRRuzMu3Pz6r1ZtMx1bM=",
      "dev": true
    },
    "shaven": {
      "version": "0.8.1",
      "resolved": "https://registry.npmjs.org/shaven/-/shaven-0.8.1.tgz",
      "integrity": "sha1-D0LU+zLEBINJ/57pwpb17/styq8=",
      "requires": {
        "escape-html": "~1.0.1"
      }
    }
  }
}
